
Microsoft Visual Studio Solution File, Format Version 12.00
# Visual Studio Version 17
VisualStudioVersion = 17.8.34525.116
MinimumVisualStudioVersion = 10.0.40219.1
Project("{FAE04EC0-301F-11D3-BF4B-00C04F79EFBC}") = "robux", "robux.csproj", "{D91F89A3-8620-4D0C-B1C6-D4F65C7E638D}"
EndProject
Global
	GlobalSection(SolutionConfigurationPlatforms) = preSolution
		Debug|Any CPU = Debug|Any CPU
		Release|Any CPU = Release|Any CPU
	EndGlobalSection
	GlobalSection(ProjectConfigurationPlatforms) = postSolution
		{D91F89A3-8620-4D0C-B1C6-D4F65C7E638D}.Debug|Any CPU.ActiveCfg = Debug|Any CPU
		{D91F89A3-8620-4D0C-B1C6-D4F65C7E638D}.Debug|Any CPU.Build.0 = Debug|Any CPU
		{D91F89A3-8620-4D0C-B1C6-D4F65C7E638D}.Release|Any CPU.ActiveCfg = Release|Any CPU
		{D91F89A3-8620-4D0C-B1C6-D4F65C7E638D}.Release|Any CPU.Build.0 = Release|Any CPU
	EndGlobalSection
	GlobalSection(SolutionProperties) = preSolution
		HideSolutionNode = FALSE
	EndGlobalSection
	GlobalSection(ExtensibilityGlobals) = postSolution
		SolutionGuid = {3E630979-2640-4B8E-BB1D-B8CF6939623D}
	EndGlobalSection
EndGlobal
